
Microsoft Visual Studio Solution File, Format Version 12.00
# Visual Studio Version 16
VisualStudioVersion = 16.0.32002.261
MinimumVisualStudioVersion = 10.0.40219.1
Project("{9A19103F-16F7-4668-BE54-9A1E7A4F7556}") = "ApiService", "ApiService\ApiService.csproj", "{8EC6BCD6-E4BB-4E69-A2F8-E003BACEE311}"
EndProject
Project("{9A19103F-16F7-4668-BE54-9A1E7A4F7556}") = "LibraryForIISProject", "LibraryForIISProject\LibraryForIISProject.csproj", "{9F5F151A-185A-4B9B-B2CB-26944BDB6D50}"
EndProject
Project("{9A19103F-16F7-4668-BE54-9A1E7A4F7556}") = "ClientApp", "ClientApp\ClientApp.csproj", "{603DBEF7-5B27-41A3-8810-7E2657FFF4DA}"
EndProject
Project("{FAE04EC0-301F-11D3-BF4B-00C04F79EFBC}") = "SOAPServer", "SOAPServer\SOAPServer.csproj", "{288D1297-AE97-4771-B327-D1A0CF518CB8}"
EndProject
Global
	GlobalSection(SolutionConfigurationPlatforms) = preSolution
		Debug|Any CPU = Debug|Any CPU
		Release|Any CPU = Release|Any CPU
	EndGlobalSection
	GlobalSection(ProjectConfigurationPlatforms) = postSolution
		{8EC6BCD6-E4BB-4E69-A2F8-E003BACEE311}.Debug|Any CPU.ActiveCfg = Debug|Any CPU
		{8EC6BCD6-E4BB-4E69-A2F8-E003BACEE311}.Debug|Any CPU.Build.0 = Debug|Any CPU
		{8EC6BCD6-E4BB-4E69-A2F8-E003BACEE311}.Release|Any CPU.ActiveCfg = Release|Any CPU
		{8EC6BCD6-E4BB-4E69-A2F8-E003BACEE311}.Release|Any CPU.Build.0 = Release|Any CPU
		{9F5F151A-185A-4B9B-B2CB-26944BDB6D50}.Debug|Any CPU.ActiveCfg = Debug|Any CPU
		{9F5F151A-185A-4B9B-B2CB-26944BDB6D50}.Debug|Any CPU.Build.0 = Debug|Any CPU
		{9F5F151A-185A-4B9B-B2CB-26944BDB6D50}.Release|Any CPU.ActiveCfg = Release|Any CPU
		{9F5F151A-185A-4B9B-B2CB-26944BDB6D50}.Release|Any CPU.Build.0 = Release|Any CPU
		{603DBEF7-5B27-41A3-8810-7E2657FFF4DA}.Debug|Any CPU.ActiveCfg = Debug|Any CPU
		{603DBEF7-5B27-41A3-8810-7E2657FFF4DA}.Debug|Any CPU.Build.0 = Debug|Any CPU
		{603DBEF7-5B27-41A3-8810-7E2657FFF4DA}.Release|Any CPU.ActiveCfg = Release|Any CPU
		{603DBEF7-5B27-41A3-8810-7E2657FFF4DA}.Release|Any CPU.Build.0 = Release|Any CPU
		{288D1297-AE97-4771-B327-D1A0CF518CB8}.Debug|Any CPU.ActiveCfg = Debug|Any CPU
		{288D1297-AE97-4771-B327-D1A0CF518CB8}.Debug|Any CPU.Build.0 = Debug|Any CPU
		{288D1297-AE97-4771-B327-D1A0CF518CB8}.Release|Any CPU.ActiveCfg = Release|Any CPU
		{288D1297-AE97-4771-B327-D1A0CF518CB8}.Release|Any CPU.Build.0 = Release|Any CPU
	EndGlobalSection
	GlobalSection(SolutionProperties) = preSolution
		HideSolutionNode = FALSE
	EndGlobalSection
	GlobalSection(ExtensibilityGlobals) = postSolution
		SolutionGuid = {CC24C2D0-06D5-4F9D-BBC3-89B20F373A67}
	EndGlobalSection
EndGlobal
